
Microsoft Visual Studio Solution File, Format Version 12.00
# Visual Studio Version 17
VisualStudioVersion = 17.13.35825.156
MinimumVisualStudioVersion = 10.0.40219.1
Project("{2150E333-8FDC-42A3-9474-1A3956D46DE8}") = "Solution Items", "Solution Items", "{8EC462FD-D22E-90A8-E5CE-7E832BA40C5D}"
	ProjectSection(SolutionItems) = preProject
		..\.gitignore = ..\.gitignore
		..\.github\copilot-instructions.md = ..\.github\copilot-instructions.md
		..\README.md = ..\README.md
	EndProjectSection
EndProject
Project("{FAE04EC0-301F-11D3-BF4B-00C04F79EFBC}") = "Rag.Chat.Web", "Rag.Chat.Web\Rag.Chat.Web.csproj", "{37CCEF7C-50FF-58B7-B2F9-4B273202F4B6}"
EndProject
Project("{FAE04EC0-301F-11D3-BF4B-00C04F79EFBC}") = "Rag.Chat.Core", "Rag.Chat.Core\Rag.Chat.Core.csproj", "{1605B78A-5A55-4D55-88DB-CBD8C2B92A30}"
EndProject
Project("{FAE04EC0-301F-11D3-BF4B-00C04F79EFBC}") = "Rag.Chat.ServiceDefaults", "Rag.Chat.ServiceDefaults\Rag.Chat.ServiceDefaults.csproj", "{7BC9DF57-358B-4E37-82CD-23F743389158}"
EndProject
Project("{FAE04EC0-301F-11D3-BF4B-00C04F79EFBC}") = "Rag.Chat.AppHost", "Rag.Chat.AppHost\Rag.Chat.AppHost.csproj", "{65637B91-4762-49BF-8474-039DD17984BC}"
EndProject
Project("{2150E333-8FDC-42A3-9474-1A3956D46DE8}") = "Tests", "Tests", "{0AB3BF05-4346-4AA6-1389-037BE0695223}"
EndProject
Project("{FAE04EC0-301F-11D3-BF4B-00C04F79EFBC}") = "Rag.Chat.Core.UnitTests", "Rag.Chat.Core.UnitTests\Rag.Chat.Core.UnitTests.csproj", "{679B5C75-3314-283D-6DE7-2670ACCE79BE}"
EndProject
Project("{2150E333-8FDC-42A3-9474-1A3956D46DE8}") = "Aspire", "Aspire", "{02EA681E-C7D8-13C7-8484-4AC65E1B71E8}"
EndProject
Project("{FAE04EC0-301F-11D3-BF4B-00C04F79EFBC}") = "Rag.Chat.AppTests", "Rag.Chat.AppTests\Rag.Chat.AppTests.csproj", "{351CF92D-4EC9-4A82-9E34-328DBCB0C352}"
EndProject
Project("{2150E333-8FDC-42A3-9474-1A3956D46DE8}") = "bicep", "bicep", "{907CF51D-6049-4452-931D-12BF199A55FC}"
	ProjectSection(SolutionItems) = preProject
		..\deployment\bicep\cosmosdb.bicep = ..\deployment\bicep\cosmosdb.bicep
	EndProjectSection
EndProject
Project("{2150E333-8FDC-42A3-9474-1A3956D46DE8}") = "deployment", "deployment", "{C5352D51-87AE-48CD-934E-916CCDA4DB80}"
EndProject
Global
	GlobalSection(SolutionConfigurationPlatforms) = preSolution
		Debug|Any CPU = Debug|Any CPU
		Release|Any CPU = Release|Any CPU
	EndGlobalSection
	GlobalSection(ProjectConfigurationPlatforms) = postSolution
		{37CCEF7C-50FF-58B7-B2F9-4B273202F4B6}.Debug|Any CPU.ActiveCfg = Debug|Any CPU
		{37CCEF7C-50FF-58B7-B2F9-4B273202F4B6}.Debug|Any CPU.Build.0 = Debug|Any CPU
		{37CCEF7C-50FF-58B7-B2F9-4B273202F4B6}.Release|Any CPU.ActiveCfg = Release|Any CPU
		{37CCEF7C-50FF-58B7-B2F9-4B273202F4B6}.Release|Any CPU.Build.0 = Release|Any CPU
		{1605B78A-5A55-4D55-88DB-CBD8C2B92A30}.Debug|Any CPU.ActiveCfg = Debug|Any CPU
		{1605B78A-5A55-4D55-88DB-CBD8C2B92A30}.Debug|Any CPU.Build.0 = Debug|Any CPU
		{1605B78A-5A55-4D55-88DB-CBD8C2B92A30}.Release|Any CPU.ActiveCfg = Release|Any CPU
		{1605B78A-5A55-4D55-88DB-CBD8C2B92A30}.Release|Any CPU.Build.0 = Release|Any CPU
		{7BC9DF57-358B-4E37-82CD-23F743389158}.Debug|Any CPU.ActiveCfg = Debug|Any CPU
		{7BC9DF57-358B-4E37-82CD-23F743389158}.Debug|Any CPU.Build.0 = Debug|Any CPU
		{7BC9DF57-358B-4E37-82CD-23F743389158}.Release|Any CPU.ActiveCfg = Release|Any CPU
		{7BC9DF57-358B-4E37-82CD-23F743389158}.Release|Any CPU.Build.0 = Release|Any CPU
		{65637B91-4762-49BF-8474-039DD17984BC}.Debug|Any CPU.ActiveCfg = Debug|Any CPU
		{65637B91-4762-49BF-8474-039DD17984BC}.Debug|Any CPU.Build.0 = Debug|Any CPU
		{65637B91-4762-49BF-8474-039DD17984BC}.Release|Any CPU.ActiveCfg = Release|Any CPU
		{65637B91-4762-49BF-8474-039DD17984BC}.Release|Any CPU.Build.0 = Release|Any CPU
		{679B5C75-3314-283D-6DE7-2670ACCE79BE}.Debug|Any CPU.ActiveCfg = Debug|Any CPU
		{679B5C75-3314-283D-6DE7-2670ACCE79BE}.Debug|Any CPU.Build.0 = Debug|Any CPU
		{679B5C75-3314-283D-6DE7-2670ACCE79BE}.Release|Any CPU.ActiveCfg = Release|Any CPU
		{679B5C75-3314-283D-6DE7-2670ACCE79BE}.Release|Any CPU.Build.0 = Release|Any CPU
		{351CF92D-4EC9-4A82-9E34-328DBCB0C352}.Debug|Any CPU.ActiveCfg = Debug|Any CPU
		{351CF92D-4EC9-4A82-9E34-328DBCB0C352}.Debug|Any CPU.Build.0 = Debug|Any CPU
		{351CF92D-4EC9-4A82-9E34-328DBCB0C352}.Release|Any CPU.ActiveCfg = Release|Any CPU
		{351CF92D-4EC9-4A82-9E34-328DBCB0C352}.Release|Any CPU.Build.0 = Release|Any CPU
	EndGlobalSection
	GlobalSection(SolutionProperties) = preSolution
		HideSolutionNode = FALSE
	EndGlobalSection
	GlobalSection(NestedProjects) = preSolution
		{7BC9DF57-358B-4E37-82CD-23F743389158} = {02EA681E-C7D8-13C7-8484-4AC65E1B71E8}
		{65637B91-4762-49BF-8474-039DD17984BC} = {02EA681E-C7D8-13C7-8484-4AC65E1B71E8}
		{679B5C75-3314-283D-6DE7-2670ACCE79BE} = {0AB3BF05-4346-4AA6-1389-037BE0695223}
		{351CF92D-4EC9-4A82-9E34-328DBCB0C352} = {0AB3BF05-4346-4AA6-1389-037BE0695223}
		{907CF51D-6049-4452-931D-12BF199A55FC} = {C5352D51-87AE-48CD-934E-916CCDA4DB80}
		{C5352D51-87AE-48CD-934E-916CCDA4DB80} = {8EC462FD-D22E-90A8-E5CE-7E832BA40C5D}
	EndGlobalSection
	GlobalSection(ExtensibilityGlobals) = postSolution
		SolutionGuid = {B7793889-6840-4ACD-BBDF-C65F8FC99A52}
	EndGlobalSection
EndGlobal
